
Microsoft Visual Studio Solution File, Format Version 12.00
# Visual Studio Version 18
VisualStudioVersion = 18.5.11612.153
MinimumVisualStudioVersion = 10.0.40219.1
Project("{FAE04EC0-301F-11D3-BF4B-00C04F79EFBC}") = "RTPTransmitter", "RTPTransmitter.csproj", "{833D5542-68DE-AC14-9746-F2A7026AE825}"
EndProject
Global
	GlobalSection(SolutionConfigurationPlatforms) = preSolution
		Debug|Any CPU = Debug|Any CPU
		Release|Any CPU = Release|Any CPU
	EndGlobalSection
	GlobalSection(ProjectConfigurationPlatforms) = postSolution
		{833D5542-68DE-AC14-9746-F2A7026AE825}.Debug|Any CPU.ActiveCfg = Debug|Any CPU
		{833D5542-68DE-AC14-9746-F2A7026AE825}.Debug|Any CPU.Build.0 = Debug|Any CPU
		{833D5542-68DE-AC14-9746-F2A7026AE825}.Release|Any CPU.ActiveCfg = Release|Any CPU
		{833D5542-68DE-AC14-9746-F2A7026AE825}.Release|Any CPU.Build.0 = Release|Any CPU
	EndGlobalSection
	GlobalSection(SolutionProperties) = preSolution
		HideSolutionNode = FALSE
	EndGlobalSection
	GlobalSection(ExtensibilityGlobals) = postSolution
		SolutionGuid = {6D07D030-BB74-4FCA-B1E3-D2E56C26C564}
	EndGlobalSection
EndGlobal
